
Microsoft Visual Studio Solution File, Format Version 12.00
# Visual Studio Version 17
VisualStudioVersion = 17.6.33829.357
MinimumVisualStudioVersion = 10.0.40219.1
Project("{FAE04EC0-301F-11D3-BF4B-00C04F79EFBC}") = "ConsoleApp30", "ConsoleApp30\ConsoleApp30.csproj", "{3CDE8F32-9EAC-4438-8748-A23B8498F7FB}"
EndProject
Global
	GlobalSection(SolutionConfigurationPlatforms) = preSolution
		Debug|Any CPU = Debug|Any CPU
		Release|Any CPU = Release|Any CPU
	EndGlobalSection
	GlobalSection(ProjectConfigurationPlatforms) = postSolution
		{3CDE8F32-9EAC-4438-8748-A23B8498F7FB}.Debug|Any CPU.ActiveCfg = Debug|Any CPU
		{3CDE8F32-9EAC-4438-8748-A23B8498F7FB}.Debug|Any CPU.Build.0 = Debug|Any CPU
		{3CDE8F32-9EAC-4438-8748-A23B8498F7FB}.Release|Any CPU.ActiveCfg = Release|Any CPU
		{3CDE8F32-9EAC-4438-8748-A23B8498F7FB}.Release|Any CPU.Build.0 = Release|Any CPU
	EndGlobalSection
	GlobalSection(SolutionProperties) = preSolution
		HideSolutionNode = FALSE
	EndGlobalSection
	GlobalSection(ExtensibilityGlobals) = postSolution
		SolutionGuid = {8875A821-9E99-459C-ABA1-9D0D1474593A}
	EndGlobalSection
EndGlobal
